
Microsoft Visual Studio Solution File, Format Version 11.00
# Visual Studio 2010
Project("{FAE04EC0-301F-11D3-BF4B-00C04F79EFBC}") = "StorageAccess", "proj\StorageAccess\StorageAccess.csproj", "{00734BAB-AB65-4146-A65B-CDFBFB4D93C6}"
EndProject
Project("{FAE04EC0-301F-11D3-BF4B-00C04F79EFBC}") = "StorageAccess.NHibernate", "proj\StorageAccess.NHibernate\StorageAccess.NHibernate.csproj", "{D2A59CC5-ECE3-447B-97A3-013D601F149C}"
EndProject
Global
	GlobalSection(SolutionConfigurationPlatforms) = preSolution
		Debug|Any CPU = Debug|Any CPU
		Release|Any CPU = Release|Any CPU
	EndGlobalSection
	GlobalSection(ProjectConfigurationPlatforms) = postSolution
		{00734BAB-AB65-4146-A65B-CDFBFB4D93C6}.Debug|Any CPU.ActiveCfg = Debug|Any CPU
		{00734BAB-AB65-4146-A65B-CDFBFB4D93C6}.Debug|Any CPU.Build.0 = Debug|Any CPU
		{00734BAB-AB65-4146-A65B-CDFBFB4D93C6}.Release|Any CPU.ActiveCfg = Release|Any CPU
		{00734BAB-AB65-4146-A65B-CDFBFB4D93C6}.Release|Any CPU.Build.0 = Release|Any CPU
		{D2A59CC5-ECE3-447B-97A3-013D601F149C}.Debug|Any CPU.ActiveCfg = Debug|Any CPU
		{D2A59CC5-ECE3-447B-97A3-013D601F149C}.Debug|Any CPU.Build.0 = Debug|Any CPU
		{D2A59CC5-ECE3-447B-97A3-013D601F149C}.Release|Any CPU.ActiveCfg = Release|Any CPU
		{D2A59CC5-ECE3-447B-97A3-013D601F149C}.Release|Any CPU.Build.0 = Release|Any CPU
	EndGlobalSection
	GlobalSection(SolutionProperties) = preSolution
		HideSolutionNode = FALSE
	EndGlobalSection
EndGlobal
